
Microsoft Visual Studio Solution File, Format Version 11.00
# Visual Studio 2010
Project("{FAE04EC0-301F-11D3-BF4B-00C04F79EFBC}") = "Data Structure Visualization", "Assembly-CSharp.csproj", "{93DD209E-A290-9865-B0E7-9C02CF5CBB7F}"
EndProject
Global
	GlobalSection(SolutionConfigurationPlatforms) = preSolution
		Debug|Any CPU = Debug|Any CPU
		Release|Any CPU = Release|Any CPU
	EndGlobalSection
	GlobalSection(ProjectConfigurationPlatforms) = postSolution
		{93DD209E-A290-9865-B0E7-9C02CF5CBB7F}.Debug|Any CPU.ActiveCfg = Debug|Any CPU
		{93DD209E-A290-9865-B0E7-9C02CF5CBB7F}.Debug|Any CPU.Build.0 = Debug|Any CPU
		{93DD209E-A290-9865-B0E7-9C02CF5CBB7F}.Release|Any CPU.ActiveCfg = Release|Any CPU
		{93DD209E-A290-9865-B0E7-9C02CF5CBB7F}.Release|Any CPU.Build.0 = Release|Any CPU
	EndGlobalSection
	GlobalSection(SolutionProperties) = preSolution
		HideSolutionNode = FALSE
	EndGlobalSection
	GlobalSection(MonoDevelopProperties) = preSolution
		StartupItem = Assembly-CSharp.csproj
	EndGlobalSection
EndGlobal
